
Microsoft Visual Studio Solution File, Format Version 12.00
# Visual Studio Version 17
VisualStudioVersion = 17.7.34024.191
MinimumVisualStudioVersion = 10.0.40219.1
Project("{FAE04EC0-301F-11D3-BF4B-00C04F79EFBC}") = "AstghikSardaryanC_Sharp", "AstghikSardaryanC_Sharp\AstghikSardaryanC_Sharp.csproj", "{3C1300AF-385D-4B2C-AD17-46AC5BDBC565}"
EndProject
Global
	GlobalSection(SolutionConfigurationPlatforms) = preSolution
		Debug|Any CPU = Debug|Any CPU
		Release|Any CPU = Release|Any CPU
	EndGlobalSection
	GlobalSection(ProjectConfigurationPlatforms) = postSolution
		{3C1300AF-385D-4B2C-AD17-46AC5BDBC565}.Debug|Any CPU.ActiveCfg = Debug|Any CPU
		{3C1300AF-385D-4B2C-AD17-46AC5BDBC565}.Debug|Any CPU.Build.0 = Debug|Any CPU
		{3C1300AF-385D-4B2C-AD17-46AC5BDBC565}.Release|Any CPU.ActiveCfg = Release|Any CPU
		{3C1300AF-385D-4B2C-AD17-46AC5BDBC565}.Release|Any CPU.Build.0 = Release|Any CPU
	EndGlobalSection
	GlobalSection(SolutionProperties) = preSolution
		HideSolutionNode = FALSE
	EndGlobalSection
	GlobalSection(ExtensibilityGlobals) = postSolution
		SolutionGuid = {768A9EB9-310E-4B47-842A-D0D1CE736DA2}
	EndGlobalSection
EndGlobal
